{
  "name": "sparky",
  "version": "1.0.2",
  "lockfileVersion": 1,
  "requires": true,
  "dependencies": {
    "jexl": {
      "version": "2.2.2",
      "resolved": "https://registry.npmjs.org/jexl/-/jexl-2.2.2.tgz",
      "integrity": "sha512-HYDGbiZtGLbaxp1b0S7Nqbtegu5zhxaUBzsrMIpoEJDNr1M8lSuowpO7ziXldc/+wGGvwkZYQSS8mW2cPpiGgA=="
    }
  }
}
